
Microsoft Visual Studio Solution File, Format Version 12.00
# Visual Studio Version 16
VisualStudioVersion = 16.0.31729.503
MinimumVisualStudioVersion = 10.0.40219.1
Project("{FAE04EC0-301F-11D3-BF4B-00C04F79EFBC}") = "PrivateModifiers", "PrivateModifiers\PrivateModifiers.csproj", "{D4AED5B6-8DF4-40D6-9132-1BF79FAE7334}"
EndProject
Global
	GlobalSection(SolutionConfigurationPlatforms) = preSolution
		Debug|Any CPU = Debug|Any CPU
		Release|Any CPU = Release|Any CPU
	EndGlobalSection
	GlobalSection(ProjectConfigurationPlatforms) = postSolution
		{D4AED5B6-8DF4-40D6-9132-1BF79FAE7334}.Debug|Any CPU.ActiveCfg = Debug|Any CPU
		{D4AED5B6-8DF4-40D6-9132-1BF79FAE7334}.Debug|Any CPU.Build.0 = Debug|Any CPU
		{D4AED5B6-8DF4-40D6-9132-1BF79FAE7334}.Release|Any CPU.ActiveCfg = Release|Any CPU
		{D4AED5B6-8DF4-40D6-9132-1BF79FAE7334}.Release|Any CPU.Build.0 = Release|Any CPU
	EndGlobalSection
	GlobalSection(SolutionProperties) = preSolution
		HideSolutionNode = FALSE
	EndGlobalSection
	GlobalSection(ExtensibilityGlobals) = postSolution
		SolutionGuid = {B58100CF-E69A-475C-A7CB-FC087E2A0FA6}
	EndGlobalSection
EndGlobal
