
Microsoft Visual Studio Solution File, Format Version 12.00
# Visual Studio Version 16
VisualStudioVersion = 16.0.31702.278
MinimumVisualStudioVersion = 10.0.40219.1
Project("{FAE04EC0-301F-11D3-BF4B-00C04F79EFBC}") = "ForLoop", "ForLoop\ForLoop.csproj", "{45012053-8978-4DB2-A7C2-2AC6C1C65EC1}"
EndProject
Global
	GlobalSection(SolutionConfigurationPlatforms) = preSolution
		Debug|Any CPU = Debug|Any CPU
		Release|Any CPU = Release|Any CPU
	EndGlobalSection
	GlobalSection(ProjectConfigurationPlatforms) = postSolution
		{45012053-8978-4DB2-A7C2-2AC6C1C65EC1}.Debug|Any CPU.ActiveCfg = Debug|Any CPU
		{45012053-8978-4DB2-A7C2-2AC6C1C65EC1}.Debug|Any CPU.Build.0 = Debug|Any CPU
		{45012053-8978-4DB2-A7C2-2AC6C1C65EC1}.Release|Any CPU.ActiveCfg = Release|Any CPU
		{45012053-8978-4DB2-A7C2-2AC6C1C65EC1}.Release|Any CPU.Build.0 = Release|Any CPU
	EndGlobalSection
	GlobalSection(SolutionProperties) = preSolution
		HideSolutionNode = FALSE
	EndGlobalSection
	GlobalSection(ExtensibilityGlobals) = postSolution
		SolutionGuid = {A7BAAFC8-BEAA-4265-85BE-734E2961D605}
	EndGlobalSection
EndGlobal
