
Microsoft Visual Studio Solution File, Format Version 12.00
# Visual Studio Version 16
VisualStudioVersion = 16.0.31729.503
MinimumVisualStudioVersion = 10.0.40219.1
Project("{FAE04EC0-301F-11D3-BF4B-00C04F79EFBC}") = "Dictionary", "Dictionary\Dictionary.csproj", "{32F357E3-603B-465B-8D6E-1BC25B5286FF}"
EndProject
Global
	GlobalSection(SolutionConfigurationPlatforms) = preSolution
		Debug|Any CPU = Debug|Any CPU
		Release|Any CPU = Release|Any CPU
	EndGlobalSection
	GlobalSection(ProjectConfigurationPlatforms) = postSolution
		{32F357E3-603B-465B-8D6E-1BC25B5286FF}.Debug|Any CPU.ActiveCfg = Debug|Any CPU
		{32F357E3-603B-465B-8D6E-1BC25B5286FF}.Debug|Any CPU.Build.0 = Debug|Any CPU
		{32F357E3-603B-465B-8D6E-1BC25B5286FF}.Release|Any CPU.ActiveCfg = Release|Any CPU
		{32F357E3-603B-465B-8D6E-1BC25B5286FF}.Release|Any CPU.Build.0 = Release|Any CPU
	EndGlobalSection
	GlobalSection(SolutionProperties) = preSolution
		HideSolutionNode = FALSE
	EndGlobalSection
	GlobalSection(ExtensibilityGlobals) = postSolution
		SolutionGuid = {337A9AB6-AA12-4AEA-B2DE-71F299BE5F32}
	EndGlobalSection
EndGlobal
