
Microsoft Visual Studio Solution File, Format Version 12.00
# Visual Studio Version 16
VisualStudioVersion = 16.0.31829.152
MinimumVisualStudioVersion = 10.0.40219.1
Project("{FAE04EC0-301F-11D3-BF4B-00C04F79EFBC}") = "MultiLevel_Inheritance", "MultiLevel_Inheritance\MultiLevel_Inheritance.csproj", "{4ADD1B38-59D1-412F-AEDD-1D2CC903F263}"
EndProject
Global
	GlobalSection(SolutionConfigurationPlatforms) = preSolution
		Debug|Any CPU = Debug|Any CPU
		Release|Any CPU = Release|Any CPU
	EndGlobalSection
	GlobalSection(ProjectConfigurationPlatforms) = postSolution
		{4ADD1B38-59D1-412F-AEDD-1D2CC903F263}.Debug|Any CPU.ActiveCfg = Debug|Any CPU
		{4ADD1B38-59D1-412F-AEDD-1D2CC903F263}.Debug|Any CPU.Build.0 = Debug|Any CPU
		{4ADD1B38-59D1-412F-AEDD-1D2CC903F263}.Release|Any CPU.ActiveCfg = Release|Any CPU
		{4ADD1B38-59D1-412F-AEDD-1D2CC903F263}.Release|Any CPU.Build.0 = Release|Any CPU
	EndGlobalSection
	GlobalSection(SolutionProperties) = preSolution
		HideSolutionNode = FALSE
	EndGlobalSection
	GlobalSection(ExtensibilityGlobals) = postSolution
		SolutionGuid = {896F4F93-145C-4DDB-A82B-D981C0591042}
	EndGlobalSection
EndGlobal
