
Microsoft Visual Studio Solution File, Format Version 12.00
# Visual Studio Version 16
VisualStudioVersion = 16.0.31729.503
MinimumVisualStudioVersion = 10.0.40219.1
Project("{FAE04EC0-301F-11D3-BF4B-00C04F79EFBC}") = "SealedClass", "SealedClass\SealedClass.csproj", "{3C7ED047-A5AC-4C6B-ACEC-3BA1E177D296}"
EndProject
Global
	GlobalSection(SolutionConfigurationPlatforms) = preSolution
		Debug|Any CPU = Debug|Any CPU
		Release|Any CPU = Release|Any CPU
	EndGlobalSection
	GlobalSection(ProjectConfigurationPlatforms) = postSolution
		{3C7ED047-A5AC-4C6B-ACEC-3BA1E177D296}.Debug|Any CPU.ActiveCfg = Debug|Any CPU
		{3C7ED047-A5AC-4C6B-ACEC-3BA1E177D296}.Debug|Any CPU.Build.0 = Debug|Any CPU
		{3C7ED047-A5AC-4C6B-ACEC-3BA1E177D296}.Release|Any CPU.ActiveCfg = Release|Any CPU
		{3C7ED047-A5AC-4C6B-ACEC-3BA1E177D296}.Release|Any CPU.Build.0 = Release|Any CPU
	EndGlobalSection
	GlobalSection(SolutionProperties) = preSolution
		HideSolutionNode = FALSE
	EndGlobalSection
	GlobalSection(ExtensibilityGlobals) = postSolution
		SolutionGuid = {E8D8AB86-1362-4A65-A356-0139C3521DDC}
	EndGlobalSection
EndGlobal
