
Microsoft Visual Studio Solution File, Format Version 12.00
# Visual Studio Version 16
VisualStudioVersion = 16.0.31829.152
MinimumVisualStudioVersion = 10.0.40219.1
Project("{FAE04EC0-301F-11D3-BF4B-00C04F79EFBC}") = "Hybrid_Inheritance", "Hybrid_Inheritance\Hybrid_Inheritance.csproj", "{79F43D52-489E-400A-8BE9-82BE19118F98}"
EndProject
Global
	GlobalSection(SolutionConfigurationPlatforms) = preSolution
		Debug|Any CPU = Debug|Any CPU
		Release|Any CPU = Release|Any CPU
	EndGlobalSection
	GlobalSection(ProjectConfigurationPlatforms) = postSolution
		{79F43D52-489E-400A-8BE9-82BE19118F98}.Debug|Any CPU.ActiveCfg = Debug|Any CPU
		{79F43D52-489E-400A-8BE9-82BE19118F98}.Debug|Any CPU.Build.0 = Debug|Any CPU
		{79F43D52-489E-400A-8BE9-82BE19118F98}.Release|Any CPU.ActiveCfg = Release|Any CPU
		{79F43D52-489E-400A-8BE9-82BE19118F98}.Release|Any CPU.Build.0 = Release|Any CPU
	EndGlobalSection
	GlobalSection(SolutionProperties) = preSolution
		HideSolutionNode = FALSE
	EndGlobalSection
	GlobalSection(ExtensibilityGlobals) = postSolution
		SolutionGuid = {4B2127DC-1D40-4A85-8A18-F9F11E9F30BE}
	EndGlobalSection
EndGlobal
