
Microsoft Visual Studio Solution File, Format Version 12.00
# Visual Studio Version 16
VisualStudioVersion = 16.0.31911.196
MinimumVisualStudioVersion = 10.0.40219.1
Project("{FAE04EC0-301F-11D3-BF4B-00C04F79EFBC}") = "MVCProject", "MVCProject\MVCProject.csproj", "{1390B441-5401-4C77-99DF-EE32223EF104}"
EndProject
Global
	GlobalSection(SolutionConfigurationPlatforms) = preSolution
		Debug|Any CPU = Debug|Any CPU
		Release|Any CPU = Release|Any CPU
	EndGlobalSection
	GlobalSection(ProjectConfigurationPlatforms) = postSolution
		{1390B441-5401-4C77-99DF-EE32223EF104}.Debug|Any CPU.ActiveCfg = Debug|Any CPU
		{1390B441-5401-4C77-99DF-EE32223EF104}.Debug|Any CPU.Build.0 = Debug|Any CPU
		{1390B441-5401-4C77-99DF-EE32223EF104}.Release|Any CPU.ActiveCfg = Release|Any CPU
		{1390B441-5401-4C77-99DF-EE32223EF104}.Release|Any CPU.Build.0 = Release|Any CPU
	EndGlobalSection
	GlobalSection(SolutionProperties) = preSolution
		HideSolutionNode = FALSE
	EndGlobalSection
	GlobalSection(ExtensibilityGlobals) = postSolution
		SolutionGuid = {47F7D7AA-6DD5-4FA8-998E-D8844E82457C}
	EndGlobalSection
EndGlobal
