
Microsoft Visual Studio Solution File, Format Version 12.00
# Visual Studio Version 16
VisualStudioVersion = 16.0.31729.503
MinimumVisualStudioVersion = 10.0.40219.1
Project("{FAE04EC0-301F-11D3-BF4B-00C04F79EFBC}") = "SortedList", "SortedList\SortedList.csproj", "{EEF02FB5-642E-467A-A8D3-EA256E27753C}"
EndProject
Global
	GlobalSection(SolutionConfigurationPlatforms) = preSolution
		Debug|Any CPU = Debug|Any CPU
		Release|Any CPU = Release|Any CPU
	EndGlobalSection
	GlobalSection(ProjectConfigurationPlatforms) = postSolution
		{EEF02FB5-642E-467A-A8D3-EA256E27753C}.Debug|Any CPU.ActiveCfg = Debug|Any CPU
		{EEF02FB5-642E-467A-A8D3-EA256E27753C}.Debug|Any CPU.Build.0 = Debug|Any CPU
		{EEF02FB5-642E-467A-A8D3-EA256E27753C}.Release|Any CPU.ActiveCfg = Release|Any CPU
		{EEF02FB5-642E-467A-A8D3-EA256E27753C}.Release|Any CPU.Build.0 = Release|Any CPU
	EndGlobalSection
	GlobalSection(SolutionProperties) = preSolution
		HideSolutionNode = FALSE
	EndGlobalSection
	GlobalSection(ExtensibilityGlobals) = postSolution
		SolutionGuid = {6F121DD0-04B4-48CB-9F5D-CC1C3D9940D1}
	EndGlobalSection
EndGlobal
