
Microsoft Visual Studio Solution File, Format Version 12.00
# Visual Studio Version 16
VisualStudioVersion = 16.0.31829.152
MinimumVisualStudioVersion = 10.0.40219.1
Project("{FAE04EC0-301F-11D3-BF4B-00C04F79EFBC}") = "IndexOutofBound", "IndexOutofBound\IndexOutofBound.csproj", "{6CF80ACF-63F3-4D0A-830B-4F865FBD881E}"
EndProject
Global
	GlobalSection(SolutionConfigurationPlatforms) = preSolution
		Debug|Any CPU = Debug|Any CPU
		Release|Any CPU = Release|Any CPU
	EndGlobalSection
	GlobalSection(ProjectConfigurationPlatforms) = postSolution
		{6CF80ACF-63F3-4D0A-830B-4F865FBD881E}.Debug|Any CPU.ActiveCfg = Debug|Any CPU
		{6CF80ACF-63F3-4D0A-830B-4F865FBD881E}.Debug|Any CPU.Build.0 = Debug|Any CPU
		{6CF80ACF-63F3-4D0A-830B-4F865FBD881E}.Release|Any CPU.ActiveCfg = Release|Any CPU
		{6CF80ACF-63F3-4D0A-830B-4F865FBD881E}.Release|Any CPU.Build.0 = Release|Any CPU
	EndGlobalSection
	GlobalSection(SolutionProperties) = preSolution
		HideSolutionNode = FALSE
	EndGlobalSection
	GlobalSection(ExtensibilityGlobals) = postSolution
		SolutionGuid = {3A9BDFF8-6C54-4B66-B0C2-3917153FEDEF}
	EndGlobalSection
EndGlobal
